
Microsoft Visual Studio Solution File, Format Version 12.00
# Visual Studio Version 17
VisualStudioVersion = 17.9.34902.65
MinimumVisualStudioVersion = 10.0.40219.1
Project("{9A19103F-16F7-4668-BE54-9A1E7A4F7556}") = "UserManagementAPI", "UserManagementAPI\UserManagementAPI.csproj", "{73BFA345-CE5C-4D12-973A-3D318C5239A5}"
EndProject
Project("{9A19103F-16F7-4668-BE54-9A1E7A4F7556}") = "UserManagementData", "UserManagementData\UserManagementData.csproj", "{D983AD05-0A13-4041-BEC9-2BF44D84354F}"
EndProject
Project("{FAE04EC0-301F-11D3-BF4B-00C04F79EFBC}") = "UserManagementBusinessLayer", "UserManagementBusinessLayer\UserManagementBusinessLayer.csproj", "{21BB5A47-DD33-45FC-93F7-E5998A1E64D2}"
EndProject
Global
	GlobalSection(SolutionConfigurationPlatforms) = preSolution
		Debug|Any CPU = Debug|Any CPU
		Release|Any CPU = Release|Any CPU
	EndGlobalSection
	GlobalSection(ProjectConfigurationPlatforms) = postSolution
		{73BFA345-CE5C-4D12-973A-3D318C5239A5}.Debug|Any CPU.ActiveCfg = Debug|Any CPU
		{73BFA345-CE5C-4D12-973A-3D318C5239A5}.Debug|Any CPU.Build.0 = Debug|Any CPU
		{73BFA345-CE5C-4D12-973A-3D318C5239A5}.Release|Any CPU.ActiveCfg = Release|Any CPU
		{73BFA345-CE5C-4D12-973A-3D318C5239A5}.Release|Any CPU.Build.0 = Release|Any CPU
		{D983AD05-0A13-4041-BEC9-2BF44D84354F}.Debug|Any CPU.ActiveCfg = Debug|Any CPU
		{D983AD05-0A13-4041-BEC9-2BF44D84354F}.Debug|Any CPU.Build.0 = Debug|Any CPU
		{D983AD05-0A13-4041-BEC9-2BF44D84354F}.Release|Any CPU.ActiveCfg = Release|Any CPU
		{D983AD05-0A13-4041-BEC9-2BF44D84354F}.Release|Any CPU.Build.0 = Release|Any CPU
		{21BB5A47-DD33-45FC-93F7-E5998A1E64D2}.Debug|Any CPU.ActiveCfg = Debug|Any CPU
		{21BB5A47-DD33-45FC-93F7-E5998A1E64D2}.Debug|Any CPU.Build.0 = Debug|Any CPU
		{21BB5A47-DD33-45FC-93F7-E5998A1E64D2}.Release|Any CPU.ActiveCfg = Release|Any CPU
		{21BB5A47-DD33-45FC-93F7-E5998A1E64D2}.Release|Any CPU.Build.0 = Release|Any CPU
	EndGlobalSection
	GlobalSection(SolutionProperties) = preSolution
		HideSolutionNode = FALSE
	EndGlobalSection
	GlobalSection(ExtensibilityGlobals) = postSolution
		SolutionGuid = {AA02EF65-1293-451F-AD05-5B19AECB8D03}
	EndGlobalSection
EndGlobal
